
<<<<<<< HEAD
Microsoft Visual Studio Solution File, Format Version 12.00
# Visual Studio 2017
Project("{FAE04EC0-301F-11D3-BF4B-00C04F79EFBC}") = "VerticalSlice3D", "VerticalSlice3D.csproj", "{8776ACE1-C902-9F43-5618-707BBFC62BAA}"
=======
Microsoft Visual Studio Solution File, Format Version 11.00
# Visual Studio 2010
Project("{FAE04EC0-301F-11D3-BF4B-00C04F79EFBC}") = "VerticalSlice3D", "Assembly-CSharp.csproj", "{5A095EF7-C2E3-A462-7AE5-AF67C4286ABB}"
>>>>>>> 3771b69fa32bef9e5129618c7d837a639e0def6a
EndProject
Global
	GlobalSection(SolutionConfigurationPlatforms) = preSolution
		Debug|Any CPU = Debug|Any CPU
		Release|Any CPU = Release|Any CPU
	EndGlobalSection
	GlobalSection(ProjectConfigurationPlatforms) = postSolution
<<<<<<< HEAD
		{8776ACE1-C902-9F43-5618-707BBFC62BAA}.Debug|Any CPU.ActiveCfg = Debug|Any CPU
		{8776ACE1-C902-9F43-5618-707BBFC62BAA}.Debug|Any CPU.Build.0 = Debug|Any CPU
		{8776ACE1-C902-9F43-5618-707BBFC62BAA}.Release|Any CPU.ActiveCfg = Release|Any CPU
		{8776ACE1-C902-9F43-5618-707BBFC62BAA}.Release|Any CPU.Build.0 = Release|Any CPU
=======
		{5A095EF7-C2E3-A462-7AE5-AF67C4286ABB}.Debug|Any CPU.ActiveCfg = Debug|Any CPU
		{5A095EF7-C2E3-A462-7AE5-AF67C4286ABB}.Debug|Any CPU.Build.0 = Debug|Any CPU
		{5A095EF7-C2E3-A462-7AE5-AF67C4286ABB}.Release|Any CPU.ActiveCfg = Release|Any CPU
		{5A095EF7-C2E3-A462-7AE5-AF67C4286ABB}.Release|Any CPU.Build.0 = Release|Any CPU
>>>>>>> 3771b69fa32bef9e5129618c7d837a639e0def6a
	EndGlobalSection
	GlobalSection(SolutionProperties) = preSolution
		HideSolutionNode = FALSE
	EndGlobalSection
<<<<<<< HEAD
=======
	GlobalSection(MonoDevelopProperties) = preSolution
		StartupItem = Assembly-CSharp.csproj
	EndGlobalSection
>>>>>>> 3771b69fa32bef9e5129618c7d837a639e0def6a
EndGlobal
